
Microsoft Visual Studio Solution File, Format Version 12.00
# Visual Studio Version 17
VisualStudioVersion = 17.9.34728.123
MinimumVisualStudioVersion = 10.0.40219.1
Project("{FAE04EC0-301F-11D3-BF4B-00C04F79EFBC}") = "Ejercicio3_SistemaUniversitario", "Ejercicio3_SistemaUniversitario\Ejercicio3_SistemaUniversitario.csproj", "{69C20C03-0B60-480A-940D-AC02EFAE2870}"
EndProject
Global
	GlobalSection(SolutionConfigurationPlatforms) = preSolution
		Debug|Any CPU = Debug|Any CPU
		Release|Any CPU = Release|Any CPU
	EndGlobalSection
	GlobalSection(ProjectConfigurationPlatforms) = postSolution
		{69C20C03-0B60-480A-940D-AC02EFAE2870}.Debug|Any CPU.ActiveCfg = Debug|Any CPU
		{69C20C03-0B60-480A-940D-AC02EFAE2870}.Debug|Any CPU.Build.0 = Debug|Any CPU
		{69C20C03-0B60-480A-940D-AC02EFAE2870}.Release|Any CPU.ActiveCfg = Release|Any CPU
		{69C20C03-0B60-480A-940D-AC02EFAE2870}.Release|Any CPU.Build.0 = Release|Any CPU
	EndGlobalSection
	GlobalSection(SolutionProperties) = preSolution
		HideSolutionNode = FALSE
	EndGlobalSection
	GlobalSection(ExtensibilityGlobals) = postSolution
		SolutionGuid = {4CA9BC18-5566-4559-B014-B4E5620478F1}
	EndGlobalSection
EndGlobal
